// !$*UTF8*$!
{
	archiveVersion = 1;
	classes = {
	};
	objectVersion = 46;
	objects = {

/* Begin PBXBuildFile section */
		0358E66419C3DDC50097E5B6 /* UIImage+Additionals.m in Sources */ = {isa = PBXBuildFile; fileRef = 0358E66219C3DDC50097E5B6 /* UIImage+Additionals.m */; };
		0358E66519C3DDC50097E5B6 /* UIImage+Additionals.m in Sources */ = {isa = PBXBuildFile; fileRef = 0358E66219C3DDC50097E5B6 /* UIImage+Additionals.m */; };
		0358E66819C3DDE30097E5B6 /* UIWindow+Additionals.m in Sources */ = {isa = PBXBuildFile; fileRef = 0358E66619C3DDE30097E5B6 /* UIWindow+Additionals.m */; };
		0358E66919C3DDE30097E5B6 /* UIWindow+Additionals.m in Sources */ = {isa = PBXBuildFile; fileRef = 0358E66619C3DDE30097E5B6 /* UIWindow+Additionals.m */; };
		0358E67019C3E05B0097E5B6 /* UIViewController+Additionals.m in Sources */ = {isa = PBXBuildFile; fileRef = 0358E66E19C3E05B0097E5B6 /* UIViewController+Additionals.m */; };
		0358E67119C3E05B0097E5B6 /* UIViewController+Additionals.m in Sources */ = {isa = PBXBuildFile; fileRef = 0358E66E19C3E05B0097E5B6 /* UIViewController+Additionals.m */; };
		0358E67419C3E06B0097E5B6 /* UIView+Additionals.m in Sources */ = {isa = PBXBuildFile; fileRef = 0358E67319C3E06B0097E5B6 /* UIView+Additionals.m */; };
		0358E67519C3E06B0097E5B6 /* UIView+Additionals.m in Sources */ = {isa = PBXBuildFile; fileRef = 0358E67319C3E06B0097E5B6 /* UIView+Additionals.m */; };
		0358E67819C3E0930097E5B6 /* PhotoInfoViewController.m in Sources */ = {isa = PBXBuildFile; fileRef = 0358E67619C3E0930097E5B6 /* PhotoInfoViewController.m */; };
		0358E67919C3E0930097E5B6 /* PhotoInfoViewController.m in Sources */ = {isa = PBXBuildFile; fileRef = 0358E67619C3E0930097E5B6 /* PhotoInfoViewController.m */; };
		0358E67C19C3E2E90097E5B6 /* PhotosHorizontalViewController.m in Sources */ = {isa = PBXBuildFile; fileRef = 0358E67B19C3E2E90097E5B6 /* PhotosHorizontalViewController.m */; };
		0358E67D19C3E2E90097E5B6 /* PhotosHorizontalViewController.m in Sources */ = {isa = PBXBuildFile; fileRef = 0358E67B19C3E2E90097E5B6 /* PhotosHorizontalViewController.m */; };
		0358E68119C41F8A0097E5B6 /* OpenInActivity.m in Sources */ = {isa = PBXBuildFile; fileRef = 0358E68019C41F8A0097E5B6 /* OpenInActivity.m */; };
		0358E68219C41F8A0097E5B6 /* OpenInActivity.m in Sources */ = {isa = PBXBuildFile; fileRef = 0358E68019C41F8A0097E5B6 /* OpenInActivity.m */; };
		0358E68519C41FC30097E5B6 /* LocationManager.m in Sources */ = {isa = PBXBuildFile; fileRef = 0358E68319C41FC30097E5B6 /* LocationManager.m */; };
		0358E68619C41FC30097E5B6 /* LocationManager.m in Sources */ = {isa = PBXBuildFile; fileRef = 0358E68319C41FC30097E5B6 /* LocationManager.m */; };
		0358E68919C4209B0097E5B6 /* InfoTableViewCell.m in Sources */ = {isa = PBXBuildFile; fileRef = 0358E68719C4209B0097E5B6 /* InfoTableViewCell.m */; };
		0358E68A19C4209B0097E5B6 /* InfoTableViewCell.m in Sources */ = {isa = PBXBuildFile; fileRef = 0358E68719C4209B0097E5B6 /* InfoTableViewCell.m */; };
		0358E68D19C467CC0097E5B6 /* DelightfulCache.m in Sources */ = {isa = PBXBuildFile; fileRef = 0358E68B19C467CC0097E5B6 /* DelightfulCache.m */; };
		0358E68E19C467CC0097E5B6 /* DelightfulCache.m in Sources */ = {isa = PBXBuildFile; fileRef = 0358E68B19C467CC0097E5B6 /* DelightfulCache.m */; };
		0358E69019C5CAE10097E5B6 /* InfoTableViewCell.xib in Resources */ = {isa = PBXBuildFile; fileRef = 0358E68F19C5CAE10097E5B6 /* InfoTableViewCell.xib */; };
		0358E69119C5CAE10097E5B6 /* InfoTableViewCell.xib in Resources */ = {isa = PBXBuildFile; fileRef = 0358E68F19C5CAE10097E5B6 /* InfoTableViewCell.xib */; };
		0358E69719C686B30097E5B6 /* UIFont+Additionals.m in Sources */ = {isa = PBXBuildFile; fileRef = 0358E69619C686B30097E5B6 /* UIFont+Additionals.m */; };
		0358E69819C686B30097E5B6 /* UIFont+Additionals.m in Sources */ = {isa = PBXBuildFile; fileRef = 0358E69619C686B30097E5B6 /* UIFont+Additionals.m */; };
		0358E69B19C6870D0097E5B6 /* NSString+Additionals.m in Sources */ = {isa = PBXBuildFile; fileRef = 0358E69A19C6870D0097E5B6 /* NSString+Additionals.m */; };
		0358E69C19C6870D0097E5B6 /* NSString+Additionals.m in Sources */ = {isa = PBXBuildFile; fileRef = 0358E69A19C6870D0097E5B6 /* NSString+Additionals.m */; };
		0358E69E19C68F240097E5B6 /* photosplus.ttf in Resources */ = {isa = PBXBuildFile; fileRef = 0358E69D19C68F240097E5B6 /* photosplus.ttf */; };
		0358E69F19C68F240097E5B6 /* photosplus.ttf in Resources */ = {isa = PBXBuildFile; fileRef = 0358E69D19C68F240097E5B6 /* photosplus.ttf */; };
		0358E6A119C68FDC0097E5B6 /* DateInfoView.xib in Resources */ = {isa = PBXBuildFile; fileRef = 0358E6A019C68FDC0097E5B6 /* DateInfoView.xib */; };
		0358E6A219C68FDC0097E5B6 /* DateInfoView.xib in Resources */ = {isa = PBXBuildFile; fileRef = 0358E6A019C68FDC0097E5B6 /* DateInfoView.xib */; };
		0358E6A519C68FF10097E5B6 /* DateInfoView.m in Sources */ = {isa = PBXBuildFile; fileRef = 0358E6A419C68FF10097E5B6 /* DateInfoView.m */; };
		0358E6A619C68FF10097E5B6 /* DateInfoView.m in Sources */ = {isa = PBXBuildFile; fileRef = 0358E6A419C68FF10097E5B6 /* DateInfoView.m */; };
		036E38F9199C893200448BAA /* PhotosLibrary.m in Sources */ = {isa = PBXBuildFile; fileRef = 036E38F8199C893200448BAA /* PhotosLibrary.m */; };
		03A3A22D1999E9370055EF9E /* Foundation.framework in Frameworks */ = {isa = PBXBuildFile; fileRef = 03A3A22C1999E9370055EF9E /* Foundation.framework */; };
		03A3A22F1999E9370055EF9E /* CoreGraphics.framework in Frameworks */ = {isa = PBXBuildFile; fileRef = 03A3A22E1999E9370055EF9E /* CoreGraphics.framework */; };
		03A3A2311999E9370055EF9E /* UIKit.framework in Frameworks */ = {isa = PBXBuildFile; fileRef = 03A3A2301999E9370055EF9E /* UIKit.framework */; };
		03A3A2371999E9370055EF9E /* InfoPlist.strings in Resources */ = {isa = PBXBuildFile; fileRef = 03A3A2351999E9370055EF9E /* InfoPlist.strings */; };
		03A3A2391999E9370055EF9E /* main.m in Sources */ = {isa = PBXBuildFile; fileRef = 03A3A2381999E9370055EF9E /* main.m */; };
		03A3A23D1999E9370055EF9E /* AppDelegate.m in Sources */ = {isa = PBXBuildFile; fileRef = 03A3A23C1999E9370055EF9E /* AppDelegate.m */; };
		03A3A2401999E9370055EF9E /* Main.storyboard in Resources */ = {isa = PBXBuildFile; fileRef = 03A3A23E1999E9370055EF9E /* Main.storyboard */; };
		03A3A2451999E9370055EF9E /* Images.xcassets in Resources */ = {isa = PBXBuildFile; fileRef = 03A3A2441999E9370055EF9E /* Images.xcassets */; };
		03A3A24C1999E9370055EF9E /* XCTest.framework in Frameworks */ = {isa = PBXBuildFile; fileRef = 03A3A24B1999E9370055EF9E /* XCTest.framework */; };
		03A3A24D1999E9370055EF9E /* Foundation.framework in Frameworks */ = {isa = PBXBuildFile; fileRef = 03A3A22C1999E9370055EF9E /* Foundation.framework */; };
		03A3A24E1999E9370055EF9E /* UIKit.framework in Frameworks */ = {isa = PBXBuildFile; fileRef = 03A3A2301999E9370055EF9E /* UIKit.framework */; };
		03A3A2561999E9370055EF9E /* InfoPlist.strings in Resources */ = {isa = PBXBuildFile; fileRef = 03A3A2541999E9370055EF9E /* InfoPlist.strings */; };
		03A3A2581999E9370055EF9E /* Photos_Tests.m in Sources */ = {isa = PBXBuildFile; fileRef = 03A3A2571999E9370055EF9E /* Photos_Tests.m */; };
		03A3A2631999E9DD0055EF9E /* PhotosViewController.m in Sources */ = {isa = PBXBuildFile; fileRef = 03A3A2621999E9DD0055EF9E /* PhotosViewController.m */; };
		03A3A26B1999EE840055EF9E /* PhotoCellView.xib in Resources */ = {isa = PBXBuildFile; fileRef = 03A3A26A1999EE840055EF9E /* PhotoCellView.xib */; };
		03A3A2701999EF470055EF9E /* PhotoCellView.m in Sources */ = {isa = PBXBuildFile; fileRef = 03A3A26F1999EF470055EF9E /* PhotoCellView.m */; };
		03A3A2731999EF550055EF9E /* PhotoCell.m in Sources */ = {isa = PBXBuildFile; fileRef = 03A3A2721999EF550055EF9E /* PhotoCell.m */; };
		03A3A2771999F5C20055EF9E /* PhotoAsset.m in Sources */ = {isa = PBXBuildFile; fileRef = 03A3A2761999F5C20055EF9E /* PhotoAsset.m */; };
		03A3A27A199A27F40055EF9E /* ScreenshotsViewController.m in Sources */ = {isa = PBXBuildFile; fileRef = 03A3A279199A27F40055EF9E /* ScreenshotsViewController.m */; };
		03A3A27E199A2FC60055EF9E /* UIDevice+Additionals.m in Sources */ = {isa = PBXBuildFile; fileRef = 03A3A27D199A2FC60055EF9E /* UIDevice+Additionals.m */; };
		03A3A281199A369B0055EF9E /* SelfiesViewController.m in Sources */ = {isa = PBXBuildFile; fileRef = 03A3A280199A369B0055EF9E /* SelfiesViewController.m */; };
		03A3A284199A3D300055EF9E /* FacesViewController.m in Sources */ = {isa = PBXBuildFile; fileRef = 03A3A283199A3D300055EF9E /* FacesViewController.m */; };
		03BFE5B519AB3CA400E4FCA5 /* PhotosLibrary.m in Sources */ = {isa = PBXBuildFile; fileRef = 036E38F8199C893200448BAA /* PhotosLibrary.m */; };
		03BFE5B619AB3CA400E4FCA5 /* PhotoCell.m in Sources */ = {isa = PBXBuildFile; fileRef = 03A3A2721999EF550055EF9E /* PhotoCell.m */; };
		03BFE5B719AB3CA400E4FCA5 /* AppDelegate.m in Sources */ = {isa = PBXBuildFile; fileRef = 03A3A23C1999E9370055EF9E /* AppDelegate.m */; };
		03BFE5B819AB3CA400E4FCA5 /* AppDelegate+Services.m in Sources */ = {isa = PBXBuildFile; fileRef = 03E14FCE199F2DD4000F3ECE /* AppDelegate+Services.m */; };
		03BFE5BA19AB3CA400E4FCA5 /* PhotosViewController.m in Sources */ = {isa = PBXBuildFile; fileRef = 03A3A2621999E9DD0055EF9E /* PhotosViewController.m */; };
		03BFE5BB19AB3CA400E4FCA5 /* PhotoCellView.m in Sources */ = {isa = PBXBuildFile; fileRef = 03A3A26F1999EF470055EF9E /* PhotoCellView.m */; };
		03BFE5BC19AB3CA400E4FCA5 /* PhotoAsset.m in Sources */ = {isa = PBXBuildFile; fileRef = 03A3A2761999F5C20055EF9E /* PhotoAsset.m */; };
		03BFE5BD19AB3CA400E4FCA5 /* FacesViewController.m in Sources */ = {isa = PBXBuildFile; fileRef = 03A3A283199A3D300055EF9E /* FacesViewController.m */; };
		03BFE5BE19AB3CA400E4FCA5 /* UIDevice+Additionals.m in Sources */ = {isa = PBXBuildFile; fileRef = 03A3A27D199A2FC60055EF9E /* UIDevice+Additionals.m */; };
		03BFE5BF19AB3CA400E4FCA5 /* ScreenshotsViewController.m in Sources */ = {isa = PBXBuildFile; fileRef = 03A3A279199A27F40055EF9E /* ScreenshotsViewController.m */; };
		03BFE5C019AB3CA400E4FCA5 /* SelfiesViewController.m in Sources */ = {isa = PBXBuildFile; fileRef = 03A3A280199A369B0055EF9E /* SelfiesViewController.m */; };
		03BFE5C119AB3CA400E4FCA5 /* main.m in Sources */ = {isa = PBXBuildFile; fileRef = 03A3A2381999E9370055EF9E /* main.m */; };
		03BFE5C319AB3CA400E4FCA5 /* CoreGraphics.framework in Frameworks */ = {isa = PBXBuildFile; fileRef = 03A3A22E1999E9370055EF9E /* CoreGraphics.framework */; };
		03BFE5C419AB3CA400E4FCA5 /* Crashlytics.framework in Frameworks */ = {isa = PBXBuildFile; fileRef = 03E14FC9199F29DB000F3ECE /* Crashlytics.framework */; };
		03BFE5C519AB3CA400E4FCA5 /* UIKit.framework in Frameworks */ = {isa = PBXBuildFile; fileRef = 03A3A2301999E9370055EF9E /* UIKit.framework */; };
		03BFE5C619AB3CA400E4FCA5 /* Foundation.framework in Frameworks */ = {isa = PBXBuildFile; fileRef = 03A3A22C1999E9370055EF9E /* Foundation.framework */; };
		03BFE5C719AB3CA400E4FCA5 /* libPods-Photos+.a in Frameworks */ = {isa = PBXBuildFile; fileRef = 89DDB99A84074F3096D58B84 /* libPods-Photos+.a */; };
		03BFE5C919AB3CA400E4FCA5 /* PhotoCellView.xib in Resources */ = {isa = PBXBuildFile; fileRef = 03A3A26A1999EE840055EF9E /* PhotoCellView.xib */; };
		03BFE5CA19AB3CA400E4FCA5 /* Images.xcassets in Resources */ = {isa = PBXBuildFile; fileRef = 03A3A2441999E9370055EF9E /* Images.xcassets */; };
		03BFE5CB19AB3CA400E4FCA5 /* InfoPlist.strings in Resources */ = {isa = PBXBuildFile; fileRef = 03A3A2351999E9370055EF9E /* InfoPlist.strings */; };
		03BFE5CC19AB3CA400E4FCA5 /* Main.storyboard in Resources */ = {isa = PBXBuildFile; fileRef = 03A3A23E1999E9370055EF9E /* Main.storyboard */; };
		03BFE5D919AB442B00E4FCA5 /* PhotosPlusNavigationControllerDelegate.m in Sources */ = {isa = PBXBuildFile; fileRef = 03BFE5D619AB442B00E4FCA5 /* PhotosPlusNavigationControllerDelegate.m */; };
		03BFE5DA19AB442B00E4FCA5 /* PhotosPlusNavigationControllerDelegate.m in Sources */ = {isa = PBXBuildFile; fileRef = 03BFE5D619AB442B00E4FCA5 /* PhotosPlusNavigationControllerDelegate.m */; };
		03BFE5DB19AB442B00E4FCA5 /* ShowFullScreenPhotosAnimatedTransitioning.m in Sources */ = {isa = PBXBuildFile; fileRef = 03BFE5D819AB442B00E4FCA5 /* ShowFullScreenPhotosAnimatedTransitioning.m */; };
		03BFE5DC19AB442B00E4FCA5 /* ShowFullScreenPhotosAnimatedTransitioning.m in Sources */ = {isa = PBXBuildFile; fileRef = 03BFE5D819AB442B00E4FCA5 /* ShowFullScreenPhotosAnimatedTransitioning.m */; };
		03BFE5E319AB450400E4FCA5 /* PhotoZoomableCell.m in Sources */ = {isa = PBXBuildFile; fileRef = 03BFE5E119AB450400E4FCA5 /* PhotoZoomableCell.m */; };
		03BFE5E419AB450400E4FCA5 /* PhotoZoomableCell.m in Sources */ = {isa = PBXBuildFile; fileRef = 03BFE5E119AB450400E4FCA5 /* PhotoZoomableCell.m */; };
		03E14FCA199F29DB000F3ECE /* Crashlytics.framework in Frameworks */ = {isa = PBXBuildFile; fileRef = 03E14FC9199F29DB000F3ECE /* Crashlytics.framework */; };
		03E14FCF199F2DD4000F3ECE /* AppDelegate+Services.m in Sources */ = {isa = PBXBuildFile; fileRef = 03E14FCE199F2DD4000F3ECE /* AppDelegate+Services.m */; };
		3116FC63C2734B1EBEF94F7D /* libPods-Photos+.a in Frameworks */ = {isa = PBXBuildFile; fileRef = 89DDB99A84074F3096D58B84 /* libPods-Photos+.a */; };
/* End PBXBuildFile section */

/* Begin PBXContainerItemProxy section */
		03A3A24F1999E9370055EF9E /* PBXContainerItemProxy */ = {
			isa = PBXContainerItemProxy;
			containerPortal = 03A3A2211999E9370055EF9E /* Project object */;
			proxyType = 1;
			remoteGlobalIDString = 03A3A2281999E9370055EF9E;
			remoteInfo = "Photos+";
		};
/* End PBXContainerItemProxy section */

/* Begin PBXFileReference section */
		0358E66219C3DDC50097E5B6 /* UIImage+Additionals.m */ = {isa = PBXFileReference; fileEncoding = 4; lastKnownFileType = sourcecode.c.objc; path = "UIImage+Additionals.m"; sourceTree = "<group>"; };
		0358E66319C3DDC50097E5B6 /* UIImage+Additionals.h */ = {isa = PBXFileReference; fileEncoding = 4; lastKnownFileType = sourcecode.c.h; path = "UIImage+Additionals.h"; sourceTree = "<group>"; };
		0358E66619C3DDE30097E5B6 /* UIWindow+Additionals.m */ = {isa = PBXFileReference; fileEncoding = 4; lastKnownFileType = sourcecode.c.objc; path = "UIWindow+Additionals.m"; sourceTree = "<group>"; };
		0358E66719C3DDE30097E5B6 /* UIWindow+Additionals.h */ = {isa = PBXFileReference; fileEncoding = 4; lastKnownFileType = sourcecode.c.h; path = "UIWindow+Additionals.h"; sourceTree = "<group>"; };
		0358E66E19C3E05B0097E5B6 /* UIViewController+Additionals.m */ = {isa = PBXFileReference; fileEncoding = 4; lastKnownFileType = sourcecode.c.objc; path = "UIViewController+Additionals.m"; sourceTree = "<group>"; };
		0358E66F19C3E05B0097E5B6 /* UIViewController+Additionals.h */ = {isa = PBXFileReference; fileEncoding = 4; lastKnownFileType = sourcecode.c.h; path = "UIViewController+Additionals.h"; sourceTree = "<group>"; };
		0358E67219C3E06B0097E5B6 /* UIView+Additionals.h */ = {isa = PBXFileReference; fileEncoding = 4; lastKnownFileType = sourcecode.c.h; path = "UIView+Additionals.h"; sourceTree = "<group>"; };
		0358E67319C3E06B0097E5B6 /* UIView+Additionals.m */ = {isa = PBXFileReference; fileEncoding = 4; lastKnownFileType = sourcecode.c.objc; path = "UIView+Additionals.m"; sourceTree = "<group>"; };
		0358E67619C3E0930097E5B6 /* PhotoInfoViewController.m */ = {isa = PBXFileReference; fileEncoding = 4; lastKnownFileType = sourcecode.c.objc; path = PhotoInfoViewController.m; sourceTree = "<group>"; };
		0358E67719C3E0930097E5B6 /* PhotoInfoViewController.h */ = {isa = PBXFileReference; fileEncoding = 4; lastKnownFileType = sourcecode.c.h; path = PhotoInfoViewController.h; sourceTree = "<group>"; };
		0358E67A19C3E2E90097E5B6 /* PhotosHorizontalViewController.h */ = {isa = PBXFileReference; fileEncoding = 4; lastKnownFileType = sourcecode.c.h; path = PhotosHorizontalViewController.h; sourceTree = "<group>"; };
		0358E67B19C3E2E90097E5B6 /* PhotosHorizontalViewController.m */ = {isa = PBXFileReference; fileEncoding = 4; lastKnownFileType = sourcecode.c.objc; path = PhotosHorizontalViewController.m; sourceTree = "<group>"; };
		0358E67F19C41F8A0097E5B6 /* OpenInActivity.h */ = {isa = PBXFileReference; fileEncoding = 4; lastKnownFileType = sourcecode.c.h; path = OpenInActivity.h; sourceTree = "<group>"; };
		0358E68019C41F8A0097E5B6 /* OpenInActivity.m */ = {isa = PBXFileReference; fileEncoding = 4; lastKnownFileType = sourcecode.c.objc; path = OpenInActivity.m; sourceTree = "<group>"; };
		0358E68319C41FC30097E5B6 /* LocationManager.m */ = {isa = PBXFileReference; fileEncoding = 4; lastKnownFileType = sourcecode.c.objc; path = LocationManager.m; sourceTree = "<group>"; };
		0358E68419C41FC30097E5B6 /* LocationManager.h */ = {isa = PBXFileReference; fileEncoding = 4; lastKnownFileType = sourcecode.c.h; path = LocationManager.h; sourceTree = "<group>"; };
		0358E68719C4209B0097E5B6 /* InfoTableViewCell.m */ = {isa = PBXFileReference; fileEncoding = 4; lastKnownFileType = sourcecode.c.objc; path = InfoTableViewCell.m; sourceTree = "<group>"; };
		0358E68819C4209B0097E5B6 /* InfoTableViewCell.h */ = {isa = PBXFileReference; fileEncoding = 4; lastKnownFileType = sourcecode.c.h; path = InfoTableViewCell.h; sourceTree = "<group>"; };
		0358E68B19C467CC0097E5B6 /* DelightfulCache.m */ = {isa = PBXFileReference; fileEncoding = 4; lastKnownFileType = sourcecode.c.objc; path = DelightfulCache.m; sourceTree = "<group>"; };
		0358E68C19C467CC0097E5B6 /* DelightfulCache.h */ = {isa = PBXFileReference; fileEncoding = 4; lastKnownFileType = sourcecode.c.h; path = DelightfulCache.h; sourceTree = "<group>"; };
		0358E68F19C5CAE10097E5B6 /* InfoTableViewCell.xib */ = {isa = PBXFileReference; fileEncoding = 4; lastKnownFileType = file.xib; path = InfoTableViewCell.xib; sourceTree = "<group>"; };
		0358E69519C686B30097E5B6 /* UIFont+Additionals.h */ = {isa = PBXFileReference; fileEncoding = 4; lastKnownFileType = sourcecode.c.h; path = "UIFont+Additionals.h"; sourceTree = "<group>"; };
		0358E69619C686B30097E5B6 /* UIFont+Additionals.m */ = {isa = PBXFileReference; fileEncoding = 4; lastKnownFileType = sourcecode.c.objc; path = "UIFont+Additionals.m"; sourceTree = "<group>"; };
		0358E69919C6870D0097E5B6 /* NSString+Additionals.h */ = {isa = PBXFileReference; fileEncoding = 4; lastKnownFileType = sourcecode.c.h; path = "NSString+Additionals.h"; sourceTree = "<group>"; };
		0358E69A19C6870D0097E5B6 /* NSString+Additionals.m */ = {isa = PBXFileReference; fileEncoding = 4; lastKnownFileType = sourcecode.c.objc; path = "NSString+Additionals.m"; sourceTree = "<group>"; };
		0358E69D19C68F240097E5B6 /* photosplus.ttf */ = {isa = PBXFileReference; lastKnownFileType = file; path = photosplus.ttf; sourceTree = "<group>"; };
		0358E6A019C68FDC0097E5B6 /* DateInfoView.xib */ = {isa = PBXFileReference; fileEncoding = 4; lastKnownFileType = file.xib; path = DateInfoView.xib; sourceTree = "<group>"; };
		0358E6A319C68FF10097E5B6 /* DateInfoView.h */ = {isa = PBXFileReference; fileEncoding = 4; lastKnownFileType = sourcecode.c.h; path = DateInfoView.h; sourceTree = "<group>"; };
		0358E6A419C68FF10097E5B6 /* DateInfoView.m */ = {isa = PBXFileReference; fileEncoding = 4; lastKnownFileType = sourcecode.c.objc; path = DateInfoView.m; sourceTree = "<group>"; };
		036E38F7199C893200448BAA /* PhotosLibrary.h */ = {isa = PBXFileReference; fileEncoding = 4; lastKnownFileType = sourcecode.c.h; path = PhotosLibrary.h; sourceTree = "<group>"; };
		036E38F8199C893200448BAA /* PhotosLibrary.m */ = {isa = PBXFileReference; fileEncoding = 4; lastKnownFileType = sourcecode.c.objc; path = PhotosLibrary.m; sourceTree = "<group>"; };
		03A3A2291999E9370055EF9E /* Photos+.app */ = {isa = PBXFileReference; explicitFileType = wrapper.application; includeInIndex = 0; path = "Photos+.app"; sourceTree = BUILT_PRODUCTS_DIR; };
		03A3A22C1999E9370055EF9E /* Foundation.framework */ = {isa = PBXFileReference; lastKnownFileType = wrapper.framework; name = Foundation.framework; path = System/Library/Frameworks/Foundation.framework; sourceTree = SDKROOT; };
		03A3A22E1999E9370055EF9E /* CoreGraphics.framework */ = {isa = PBXFileReference; lastKnownFileType = wrapper.framework; name = CoreGraphics.framework; path = System/Library/Frameworks/CoreGraphics.framework; sourceTree = SDKROOT; };
		03A3A2301999E9370055EF9E /* UIKit.framework */ = {isa = PBXFileReference; lastKnownFileType = wrapper.framework; name = UIKit.framework; path = System/Library/Frameworks/UIKit.framework; sourceTree = SDKROOT; };
		03A3A2341999E9370055EF9E /* Photos+-Info.plist */ = {isa = PBXFileReference; lastKnownFileType = text.plist.xml; path = "Photos+-Info.plist"; sourceTree = "<group>"; };
		03A3A2361999E9370055EF9E /* en */ = {isa = PBXFileReference; lastKnownFileType = text.plist.strings; name = en; path = en.lproj/InfoPlist.strings; sourceTree = "<group>"; };
		03A3A2381999E9370055EF9E /* main.m */ = {isa = PBXFileReference; lastKnownFileType = sourcecode.c.objc; path = main.m; sourceTree = "<group>"; };
		03A3A23A1999E9370055EF9E /* Photos+-Prefix.pch */ = {isa = PBXFileReference; lastKnownFileType = sourcecode.c.h; path = "Photos+-Prefix.pch"; sourceTree = "<group>"; };
		03A3A23B1999E9370055EF9E /* AppDelegate.h */ = {isa = PBXFileReference; lastKnownFileType = sourcecode.c.h; path = AppDelegate.h; sourceTree = "<group>"; };
		03A3A23C1999E9370055EF9E /* AppDelegate.m */ = {isa = PBXFileReference; lastKnownFileType = sourcecode.c.objc; path = AppDelegate.m; sourceTree = "<group>"; };
		03A3A23F1999E9370055EF9E /* Base */ = {isa = PBXFileReference; lastKnownFileType = file.storyboard; name = Base; path = Base.lproj/Main.storyboard; sourceTree = "<group>"; };
		03A3A2441999E9370055EF9E /* Images.xcassets */ = {isa = PBXFileReference; lastKnownFileType = folder.assetcatalog; path = Images.xcassets; sourceTree = "<group>"; };
		03A3A24A1999E9370055EF9E /* Photos+Tests.xctest */ = {isa = PBXFileReference; explicitFileType = wrapper.cfbundle; includeInIndex = 0; path = "Photos+Tests.xctest"; sourceTree = BUILT_PRODUCTS_DIR; };
		03A3A24B1999E9370055EF9E /* XCTest.framework */ = {isa = PBXFileReference; lastKnownFileType = wrapper.framework; name = XCTest.framework; path = Library/Frameworks/XCTest.framework; sourceTree = DEVELOPER_DIR; };
		03A3A2531999E9370055EF9E /* Photos+Tests-Info.plist */ = {isa = PBXFileReference; lastKnownFileType = text.plist.xml; path = "Photos+Tests-Info.plist"; sourceTree = "<group>"; };
		03A3A2551999E9370055EF9E /* en */ = {isa = PBXFileReference; lastKnownFileType = text.plist.strings; name = en; path = en.lproj/InfoPlist.strings; sourceTree = "<group>"; };
		03A3A2571999E9370055EF9E /* Photos_Tests.m */ = {isa = PBXFileReference; lastKnownFileType = sourcecode.c.objc; path = Photos_Tests.m; sourceTree = "<group>"; };
		03A3A2611999E9DD0055EF9E /* PhotosViewController.h */ = {isa = PBXFileReference; fileEncoding = 4; lastKnownFileType = sourcecode.c.h; path = PhotosViewController.h; sourceTree = "<group>"; };
		03A3A2621999E9DD0055EF9E /* PhotosViewController.m */ = {isa = PBXFileReference; fileEncoding = 4; lastKnownFileType = sourcecode.c.objc; path = PhotosViewController.m; sourceTree = "<group>"; };
		03A3A26A1999EE840055EF9E /* PhotoCellView.xib */ = {isa = PBXFileReference; fileEncoding = 4; lastKnownFileType = file.xib; path = PhotoCellView.xib; sourceTree = "<group>"; };
		03A3A26E1999EF470055EF9E /* PhotoCellView.h */ = {isa = PBXFileReference; fileEncoding = 4; lastKnownFileType = sourcecode.c.h; path = PhotoCellView.h; sourceTree = "<group>"; };
		03A3A26F1999EF470055EF9E /* PhotoCellView.m */ = {isa = PBXFileReference; fileEncoding = 4; lastKnownFileType = sourcecode.c.objc; path = PhotoCellView.m; sourceTree = "<group>"; };
		03A3A2711999EF550055EF9E /* PhotoCell.h */ = {isa = PBXFileReference; fileEncoding = 4; lastKnownFileType = sourcecode.c.h; path = PhotoCell.h; sourceTree = "<group>"; };
		03A3A2721999EF550055EF9E /* PhotoCell.m */ = {isa = PBXFileReference; fileEncoding = 4; lastKnownFileType = sourcecode.c.objc; path = PhotoCell.m; sourceTree = "<group>"; };
		03A3A2751999F5C20055EF9E /* PhotoAsset.h */ = {isa = PBXFileReference; fileEncoding = 4; lastKnownFileType = sourcecode.c.h; path = PhotoAsset.h; sourceTree = "<group>"; };
		03A3A2761999F5C20055EF9E /* PhotoAsset.m */ = {isa = PBXFileReference; fileEncoding = 4; lastKnownFileType = sourcecode.c.objc; path = PhotoAsset.m; sourceTree = "<group>"; };
		03A3A278199A27F40055EF9E /* ScreenshotsViewController.h */ = {isa = PBXFileReference; fileEncoding = 4; lastKnownFileType = sourcecode.c.h; path = ScreenshotsViewController.h; sourceTree = "<group>"; };
		03A3A279199A27F40055EF9E /* ScreenshotsViewController.m */ = {isa = PBXFileReference; fileEncoding = 4; lastKnownFileType = sourcecode.c.objc; path = ScreenshotsViewController.m; sourceTree = "<group>"; };
		03A3A27C199A2FC60055EF9E /* UIDevice+Additionals.h */ = {isa = PBXFileReference; fileEncoding = 4; lastKnownFileType = sourcecode.c.h; path = "UIDevice+Additionals.h"; sourceTree = "<group>"; };
		03A3A27D199A2FC60055EF9E /* UIDevice+Additionals.m */ = {isa = PBXFileReference; fileEncoding = 4; lastKnownFileType = sourcecode.c.objc; path = "UIDevice+Additionals.m"; sourceTree = "<group>"; };
		03A3A27F199A369B0055EF9E /* SelfiesViewController.h */ = {isa = PBXFileReference; fileEncoding = 4; lastKnownFileType = sourcecode.c.h; path = SelfiesViewController.h; sourceTree = "<group>"; };
		03A3A280199A369B0055EF9E /* SelfiesViewController.m */ = {isa = PBXFileReference; fileEncoding = 4; lastKnownFileType = sourcecode.c.objc; path = SelfiesViewController.m; sourceTree = "<group>"; };
		03A3A282199A3D300055EF9E /* FacesViewController.h */ = {isa = PBXFileReference; fileEncoding = 4; lastKnownFileType = sourcecode.c.h; path = FacesViewController.h; sourceTree = "<group>"; };
		03A3A283199A3D300055EF9E /* FacesViewController.m */ = {isa = PBXFileReference; fileEncoding = 4; lastKnownFileType = sourcecode.c.objc; path = FacesViewController.m; sourceTree = "<group>"; };
		03BFE5D219AB3CA400E4FCA5 /* Photos+Beta.app */ = {isa = PBXFileReference; explicitFileType = wrapper.application; includeInIndex = 0; path = "Photos+Beta.app"; sourceTree = BUILT_PRODUCTS_DIR; };
		03BFE5D319AB3CA400E4FCA5 /* Photos+Beta-Info.plist */ = {isa = PBXFileReference; lastKnownFileType = text.plist.xml; name = "Photos+Beta-Info.plist"; path = "/Users/nico/Projects/Fun/Photos+/Photos+Beta-Info.plist"; sourceTree = "<absolute>"; };
		03BFE5D519AB442B00E4FCA5 /* PhotosPlusNavigationControllerDelegate.h */ = {isa = PBXFileReference; fileEncoding = 4; lastKnownFileType = sourcecode.c.h; path = PhotosPlusNavigationControllerDelegate.h; sourceTree = "<group>"; };
		03BFE5D619AB442B00E4FCA5 /* PhotosPlusNavigationControllerDelegate.m */ = {isa = PBXFileReference; fileEncoding = 4; lastKnownFileType = sourcecode.c.objc; path = PhotosPlusNavigationControllerDelegate.m; sourceTree = "<group>"; };
		03BFE5D719AB442B00E4FCA5 /* ShowFullScreenPhotosAnimatedTransitioning.h */ = {isa = PBXFileReference; fileEncoding = 4; lastKnownFileType = sourcecode.c.h; path = ShowFullScreenPhotosAnimatedTransitioning.h; sourceTree = "<group>"; };
		03BFE5D819AB442B00E4FCA5 /* ShowFullScreenPhotosAnimatedTransitioning.m */ = {isa = PBXFileReference; fileEncoding = 4; lastKnownFileType = sourcecode.c.objc; path = ShowFullScreenPhotosAnimatedTransitioning.m; sourceTree = "<group>"; };
		03BFE5E119AB450400E4FCA5 /* PhotoZoomableCell.m */ = {isa = PBXFileReference; fileEncoding = 4; lastKnownFileType = sourcecode.c.objc; path = PhotoZoomableCell.m; sourceTree = "<group>"; };
		03BFE5E219AB450400E4FCA5 /* PhotoZoomableCell.h */ = {isa = PBXFileReference; fileEncoding = 4; lastKnownFileType = sourcecode.c.h; path = PhotoZoomableCell.h; sourceTree = "<group>"; };
		03E14FC9199F29DB000F3ECE /* Crashlytics.framework */ = {isa = PBXFileReference; lastKnownFileType = wrapper.framework; path = Crashlytics.framework; sourceTree = "<group>"; };
		03E14FCD199F2DD4000F3ECE /* AppDelegate+Services.h */ = {isa = PBXFileReference; fileEncoding = 4; lastKnownFileType = sourcecode.c.h; name = "AppDelegate+Services.h"; path = "Categories/AppDelegate+Services.h"; sourceTree = "<group>"; };
		03E14FCE199F2DD4000F3ECE /* AppDelegate+Services.m */ = {isa = PBXFileReference; fileEncoding = 4; lastKnownFileType = sourcecode.c.objc; name = "AppDelegate+Services.m"; path = "Categories/AppDelegate+Services.m"; sourceTree = "<group>"; };
		5510DB384C6D442EA4839A64 /* Pods-Photos+.xcconfig */ = {isa = PBXFileReference; includeInIndex = 1; lastKnownFileType = text.xcconfig; name = "Pods-Photos+.xcconfig"; path = "Pods/Pods-Photos+.xcconfig"; sourceTree = "<group>"; };
		89DDB99A84074F3096D58B84 /* libPods-Photos+.a */ = {isa = PBXFileReference; explicitFileType = archive.ar; includeInIndex = 0; path = "libPods-Photos+.a"; sourceTree = BUILT_PRODUCTS_DIR; };
/* End PBXFileReference section */

/* Begin PBXFrameworksBuildPhase section */
		03A3A2261999E9370055EF9E /* Frameworks */ = {
			isa = PBXFrameworksBuildPhase;
			buildActionMask = 2147483647;
			files = (
				03A3A22F1999E9370055EF9E /* CoreGraphics.framework in Frameworks */,
				03E14FCA199F29DB000F3ECE /* Crashlytics.framework in Frameworks */,
				03A3A2311999E9370055EF9E /* UIKit.framework in Frameworks */,
				03A3A22D1999E9370055EF9E /* Foundation.framework in Frameworks */,
				3116FC63C2734B1EBEF94F7D /* libPods-Photos+.a in Frameworks */,
			);
			runOnlyForDeploymentPostprocessing = 0;
		};
		03A3A2471999E9370055EF9E /* Frameworks */ = {
			isa = PBXFrameworksBuildPhase;
			buildActionMask = 2147483647;
			files = (
				03A3A24C1999E9370055EF9E /* XCTest.framework in Frameworks */,
				03A3A24E1999E9370055EF9E /* UIKit.framework in Frameworks */,
				03A3A24D1999E9370055EF9E /* Foundation.framework in Frameworks */,
			);
			runOnlyForDeploymentPostprocessing = 0;
		};
		03BFE5C219AB3CA400E4FCA5 /* Frameworks */ = {
			isa = PBXFrameworksBuildPhase;
			buildActionMask = 2147483647;
			files = (
				03BFE5C319AB3CA400E4FCA5 /* CoreGraphics.framework in Frameworks */,
				03BFE5C419AB3CA400E4FCA5 /* Crashlytics.framework in Frameworks */,
				03BFE5C519AB3CA400E4FCA5 /* UIKit.framework in Frameworks */,
				03BFE5C619AB3CA400E4FCA5 /* Foundation.framework in Frameworks */,
				03BFE5C719AB3CA400E4FCA5 /* libPods-Photos+.a in Frameworks */,
			);
			runOnlyForDeploymentPostprocessing = 0;
		};
/* End PBXFrameworksBuildPhase section */

/* Begin PBXGroup section */
		0358E67E19C41F620097E5B6 /* Others */ = {
			isa = PBXGroup;
			children = (
				0358E68B19C467CC0097E5B6 /* DelightfulCache.m */,
				0358E68C19C467CC0097E5B6 /* DelightfulCache.h */,
				0358E68319C41FC30097E5B6 /* LocationManager.m */,
				0358E68419C41FC30097E5B6 /* LocationManager.h */,
				0358E67F19C41F8A0097E5B6 /* OpenInActivity.h */,
				0358E68019C41F8A0097E5B6 /* OpenInActivity.m */,
			);
			path = Others;
			sourceTree = "<group>";
		};
		03A3A2201999E9370055EF9E = {
			isa = PBXGroup;
			children = (
				03A3A2321999E9370055EF9E /* Photos+ */,
				03A3A2511999E9370055EF9E /* Photos+Tests */,
				03A3A22B1999E9370055EF9E /* Frameworks */,
				03A3A22A1999E9370055EF9E /* Products */,
				5510DB384C6D442EA4839A64 /* Pods-Photos+.xcconfig */,
				03BFE5D319AB3CA400E4FCA5 /* Photos+Beta-Info.plist */,
			);
			sourceTree = "<group>";
		};
		03A3A22A1999E9370055EF9E /* Products */ = {
			isa = PBXGroup;
			children = (
				03A3A2291999E9370055EF9E /* Photos+.app */,
				03A3A24A1999E9370055EF9E /* Photos+Tests.xctest */,
				03BFE5D219AB3CA400E4FCA5 /* Photos+Beta.app */,
			);
			name = Products;
			sourceTree = "<group>";
		};
		03A3A22B1999E9370055EF9E /* Frameworks */ = {
			isa = PBXGroup;
			children = (
				03E14FC9199F29DB000F3ECE /* Crashlytics.framework */,
				03A3A22C1999E9370055EF9E /* Foundation.framework */,
				03A3A22E1999E9370055EF9E /* CoreGraphics.framework */,
				03A3A2301999E9370055EF9E /* UIKit.framework */,
				03A3A24B1999E9370055EF9E /* XCTest.framework */,
				89DDB99A84074F3096D58B84 /* libPods-Photos+.a */,
			);
			name = Frameworks;
			sourceTree = "<group>";
		};
		03A3A2321999E9370055EF9E /* Photos+ */ = {
			isa = PBXGroup;
			children = (
				0358E67E19C41F620097E5B6 /* Others */,
				03A3A27B199A2FA50055EF9E /* Categories */,
				03A3A2741999F59E0055EF9E /* Models */,
				03A3A2691999EE680055EF9E /* Views */,
				03A3A23B1999E9370055EF9E /* AppDelegate.h */,
				03A3A23C1999E9370055EF9E /* AppDelegate.m */,
				03A3A23E1999E9370055EF9E /* Main.storyboard */,
				03A3A2441999E9370055EF9E /* Images.xcassets */,
				03A3A2331999E9370055EF9E /* Supporting Files */,
				03A3A2641999E9E10055EF9E /* Controllers */,
				03E14FCD199F2DD4000F3ECE /* AppDelegate+Services.h */,
				03E14FCE199F2DD4000F3ECE /* AppDelegate+Services.m */,
			);
			path = "Photos+";
			sourceTree = "<group>";
		};
		03A3A2331999E9370055EF9E /* Supporting Files */ = {
			isa = PBXGroup;
			children = (
				0358E69D19C68F240097E5B6 /* photosplus.ttf */,
				03A3A2341999E9370055EF9E /* Photos+-Info.plist */,
				03A3A2351999E9370055EF9E /* InfoPlist.strings */,
				03A3A2381999E9370055EF9E /* main.m */,
				03A3A23A1999E9370055EF9E /* Photos+-Prefix.pch */,
			);
			name = "Supporting Files";
			sourceTree = "<group>";
		};
		03A3A2511999E9370055EF9E /* Photos+Tests */ = {
			isa = PBXGroup;
			children = (
				03A3A2571999E9370055EF9E /* Photos_Tests.m */,
				03A3A2521999E9370055EF9E /* Supporting Files */,
			);
			path = "Photos+Tests";
			sourceTree = "<group>";
		};
		03A3A2521999E9370055EF9E /* Supporting Files */ = {
			isa = PBXGroup;
			children = (
				03A3A2531999E9370055EF9E /* Photos+Tests-Info.plist */,
				03A3A2541999E9370055EF9E /* InfoPlist.strings */,
			);
			name = "Supporting Files";
			sourceTree = "<group>";
		};
		03A3A2641999E9E10055EF9E /* Controllers */ = {
			isa = PBXGroup;
			children = (
				0358E67619C3E0930097E5B6 /* PhotoInfoViewController.m */,
				0358E67719C3E0930097E5B6 /* PhotoInfoViewController.h */,
				03BFE5D419AB442B00E4FCA5 /* Transitions */,
				03A3A2651999EA9C0055EF9E /* Delegates */,
				03A3A2611999E9DD0055EF9E /* PhotosViewController.h */,
				03A3A2621999E9DD0055EF9E /* PhotosViewController.m */,
				03A3A278199A27F40055EF9E /* ScreenshotsViewController.h */,
				03A3A279199A27F40055EF9E /* ScreenshotsViewController.m */,
				03A3A27F199A369B0055EF9E /* SelfiesViewController.h */,
				03A3A280199A369B0055EF9E /* SelfiesViewController.m */,
				03A3A282199A3D300055EF9E /* FacesViewController.h */,
				03A3A283199A3D300055EF9E /* FacesViewController.m */,
				0358E67A19C3E2E90097E5B6 /* PhotosHorizontalViewController.h */,
				0358E67B19C3E2E90097E5B6 /* PhotosHorizontalViewController.m */,
			);
			path = Controllers;
			sourceTree = "<group>";
		};
		03A3A2651999EA9C0055EF9E /* Delegates */ = {
			isa = PBXGroup;
			children = (
			);
			path = Delegates;
			sourceTree = "<group>";
		};
		03A3A2691999EE680055EF9E /* Views */ = {
			isa = PBXGroup;
			children = (
				0358E68F19C5CAE10097E5B6 /* InfoTableViewCell.xib */,
				0358E68719C4209B0097E5B6 /* InfoTableViewCell.m */,
				0358E68819C4209B0097E5B6 /* InfoTableViewCell.h */,
				03BFE5E119AB450400E4FCA5 /* PhotoZoomableCell.m */,
				03BFE5E219AB450400E4FCA5 /* PhotoZoomableCell.h */,
				03A3A26A1999EE840055EF9E /* PhotoCellView.xib */,
				03A3A26E1999EF470055EF9E /* PhotoCellView.h */,
				03A3A26F1999EF470055EF9E /* PhotoCellView.m */,
				03A3A2711999EF550055EF9E /* PhotoCell.h */,
				03A3A2721999EF550055EF9E /* PhotoCell.m */,
				0358E6A019C68FDC0097E5B6 /* DateInfoView.xib */,
				0358E6A319C68FF10097E5B6 /* DateInfoView.h */,
				0358E6A419C68FF10097E5B6 /* DateInfoView.m */,
			);
			path = Views;
			sourceTree = "<group>";
		};
		03A3A2741999F59E0055EF9E /* Models */ = {
			isa = PBXGroup;
			children = (
				03A3A2751999F5C20055EF9E /* PhotoAsset.h */,
				03A3A2761999F5C20055EF9E /* PhotoAsset.m */,
				036E38F7199C893200448BAA /* PhotosLibrary.h */,
				036E38F8199C893200448BAA /* PhotosLibrary.m */,
			);
			path = Models;
			sourceTree = "<group>";
		};
		03A3A27B199A2FA50055EF9E /* Categories */ = {
			isa = PBXGroup;
			children = (
				0358E67219C3E06B0097E5B6 /* UIView+Additionals.h */,
				0358E67319C3E06B0097E5B6 /* UIView+Additionals.m */,
				0358E66E19C3E05B0097E5B6 /* UIViewController+Additionals.m */,
				0358E66F19C3E05B0097E5B6 /* UIViewController+Additionals.h */,
				0358E66619C3DDE30097E5B6 /* UIWindow+Additionals.m */,
				0358E66719C3DDE30097E5B6 /* UIWindow+Additionals.h */,
				0358E66219C3DDC50097E5B6 /* UIImage+Additionals.m */,
				0358E66319C3DDC50097E5B6 /* UIImage+Additionals.h */,
				03A3A27C199A2FC60055EF9E /* UIDevice+Additionals.h */,
				03A3A27D199A2FC60055EF9E /* UIDevice+Additionals.m */,
				0358E69519C686B30097E5B6 /* UIFont+Additionals.h */,
				0358E69619C686B30097E5B6 /* UIFont+Additionals.m */,
				0358E69919C6870D0097E5B6 /* NSString+Additionals.h */,
				0358E69A19C6870D0097E5B6 /* NSString+Additionals.m */,
			);
			path = Categories;
			sourceTree = "<group>";
		};
		03BFE5D419AB442B00E4FCA5 /* Transitions */ = {
			isa = PBXGroup;
			children = (
				03BFE5D519AB442B00E4FCA5 /* PhotosPlusNavigationControllerDelegate.h */,
				03BFE5D619AB442B00E4FCA5 /* PhotosPlusNavigationControllerDelegate.m */,
				03BFE5D719AB442B00E4FCA5 /* ShowFullScreenPhotosAnimatedTransitioning.h */,
				03BFE5D819AB442B00E4FCA5 /* ShowFullScreenPhotosAnimatedTransitioning.m */,
			);
			path = Transitions;
			sourceTree = "<group>";
		};
/* End PBXGroup section */

/* Begin PBXNativeTarget section */
		03A3A2281999E9370055EF9E /* Photos+ */ = {
			isa = PBXNativeTarget;
			buildConfigurationList = 03A3A25B1999E9370055EF9E /* Build configuration list for PBXNativeTarget "Photos+" */;
			buildPhases = (
				921F114AA80D4C66AD64A978 /* Check Pods Manifest.lock */,
				03A3A2251999E9370055EF9E /* Sources */,
				03A3A2261999E9370055EF9E /* Frameworks */,
				03A3A2271999E9370055EF9E /* Resources */,
				7388DDECA6A5475D9BC651F6 /* Copy Pods Resources */,
				03E14FC8199F2997000F3ECE /* Crashlytics */,
			);
			buildRules = (
			);
			dependencies = (
			);
			name = "Photos+";
			productName = "Photos+";
			productReference = 03A3A2291999E9370055EF9E /* Photos+.app */;
			productType = "com.apple.product-type.application";
		};
		03A3A2491999E9370055EF9E /* Photos+Tests */ = {
			isa = PBXNativeTarget;
			buildConfigurationList = 03A3A25E1999E9370055EF9E /* Build configuration list for PBXNativeTarget "Photos+Tests" */;
			buildPhases = (
				03A3A2461999E9370055EF9E /* Sources */,
				03A3A2471999E9370055EF9E /* Frameworks */,
				03A3A2481999E9370055EF9E /* Resources */,
			);
			buildRules = (
			);
			dependencies = (
				03A3A2501999E9370055EF9E /* PBXTargetDependency */,
			);
			name = "Photos+Tests";
			productName = "Photos+Tests";
			productReference = 03A3A24A1999E9370055EF9E /* Photos+Tests.xctest */;
			productType = "com.apple.product-type.bundle.unit-test";
		};
		03BFE5B219AB3CA400E4FCA5 /* Photos+Beta */ = {
			isa = PBXNativeTarget;
			buildConfigurationList = 03BFE5CF19AB3CA400E4FCA5 /* Build configuration list for PBXNativeTarget "Photos+Beta" */;
			buildPhases = (
				03BFE5B319AB3CA400E4FCA5 /* Check Pods Manifest.lock */,
				03BFE5B419AB3CA400E4FCA5 /* Sources */,
				03BFE5C219AB3CA400E4FCA5 /* Frameworks */,
				03BFE5C819AB3CA400E4FCA5 /* Resources */,
				03BFE5CD19AB3CA400E4FCA5 /* Copy Pods Resources */,
				03BFE5CE19AB3CA400E4FCA5 /* Crashlytics */,
			);
			buildRules = (
			);
			dependencies = (
			);
			name = "Photos+Beta";
			productName = "Photos+";
			productReference = 03BFE5D219AB3CA400E4FCA5 /* Photos+Beta.app */;
			productType = "com.apple.product-type.application";
		};
/* End PBXNativeTarget section */

/* Begin PBXProject section */
		03A3A2211999E9370055EF9E /* Project object */ = {
			isa = PBXProject;
			attributes = {
				LastUpgradeCheck = 0510;
				ORGANIZATIONNAME = Delightful;
				TargetAttributes = {
					03A3A2281999E9370055EF9E = {
						DevelopmentTeam = NNTV3ZQR3E;
					};
					03A3A2491999E9370055EF9E = {
						TestTargetID = 03A3A2281999E9370055EF9E;
					};
				};
			};
			buildConfigurationList = 03A3A2241999E9370055EF9E /* Build configuration list for PBXProject "Photos+" */;
			compatibilityVersion = "Xcode 3.2";
			developmentRegion = English;
			hasScannedForEncodings = 0;
			knownRegions = (
				en,
				Base,
			);
			mainGroup = 03A3A2201999E9370055EF9E;
			productRefGroup = 03A3A22A1999E9370055EF9E /* Products */;
			projectDirPath = "";
			projectRoot = "";
			targets = (
				03A3A2281999E9370055EF9E /* Photos+ */,
				03A3A2491999E9370055EF9E /* Photos+Tests */,
				03BFE5B219AB3CA400E4FCA5 /* Photos+Beta */,
			);
		};
/* End PBXProject section */

/* Begin PBXResourcesBuildPhase section */
		03A3A2271999E9370055EF9E /* Resources */ = {
			isa = PBXResourcesBuildPhase;
			buildActionMask = 2147483647;
			files = (
				0358E69019C5CAE10097E5B6 /* InfoTableViewCell.xib in Resources */,
				03A3A26B1999EE840055EF9E /* PhotoCellView.xib in Resources */,
				0358E6A119C68FDC0097E5B6 /* DateInfoView.xib in Resources */,
				03A3A2451999E9370055EF9E /* Images.xcassets in Resources */,
				0358E69E19C68F240097E5B6 /* photosplus.ttf in Resources */,
				03A3A2371999E9370055EF9E /* InfoPlist.strings in Resources */,
				03A3A2401999E9370055EF9E /* Main.storyboard in Resources */,
			);
			runOnlyForDeploymentPostprocessing = 0;
		};
		03A3A2481999E9370055EF9E /* Resources */ = {
			isa = PBXResourcesBuildPhase;
			buildActionMask = 2147483647;
			files = (
				03A3A2561999E9370055EF9E /* InfoPlist.strings in Resources */,
			);
			runOnlyForDeploymentPostprocessing = 0;
		};
		03BFE5C819AB3CA400E4FCA5 /* Resources */ = {
			isa = PBXResourcesBuildPhase;
			buildActionMask = 2147483647;
			files = (
				0358E69119C5CAE10097E5B6 /* InfoTableViewCell.xib in Resources */,
				03BFE5C919AB3CA400E4FCA5 /* PhotoCellView.xib in Resources */,
				0358E6A219C68FDC0097E5B6 /* DateInfoView.xib in Resources */,
				03BFE5CA19AB3CA400E4FCA5 /* Images.xcassets in Resources */,
				0358E69F19C68F240097E5B6 /* photosplus.ttf in Resources */,
				03BFE5CB19AB3CA400E4FCA5 /* InfoPlist.strings in Resources */,
				03BFE5CC19AB3CA400E4FCA5 /* Main.storyboard in Resources */,
			);
			runOnlyForDeploymentPostprocessing = 0;
		};
/* End PBXResourcesBuildPhase section */

/* Begin PBXShellScriptBuildPhase section */
		03BFE5B319AB3CA400E4FCA5 /* Check Pods Manifest.lock */ = {
			isa = PBXShellScriptBuildPhase;
			buildActionMask = 2147483647;
			files = (
			);
			inputPaths = (
			);
			name = "Check Pods Manifest.lock";
			outputPaths = (
			);
			runOnlyForDeploymentPostprocessing = 0;
			shellPath = /bin/sh;
			shellScript = "diff \"${PODS_ROOT}/../Podfile.lock\" \"${PODS_ROOT}/Manifest.lock\" > /dev/null\nif [[ $? != 0 ]] ; then\n    cat << EOM\nerror: The sandbox is not in sync with the Podfile.lock. Run 'pod install' or update your CocoaPods installation.\nEOM\n    exit 1\nfi\n";
			showEnvVarsInLog = 0;
		};
		03BFE5CD19AB3CA400E4FCA5 /* Copy Pods Resources */ = {
			isa = PBXShellScriptBuildPhase;
			buildActionMask = 2147483647;
			files = (
			);
			inputPaths = (
			);
			name = "Copy Pods Resources";
			outputPaths = (
			);
			runOnlyForDeploymentPostprocessing = 0;
			shellPath = /bin/sh;
			shellScript = "\"${SRCROOT}/Pods/Pods-Photos+-resources.sh\"\n";
			showEnvVarsInLog = 0;
		};
		03BFE5CE19AB3CA400E4FCA5 /* Crashlytics */ = {
			isa = PBXShellScriptBuildPhase;
			buildActionMask = 2147483647;
			files = (
			);
			inputPaths = (
			);
			name = Crashlytics;
			outputPaths = (
			);
			runOnlyForDeploymentPostprocessing = 0;
			shellPath = /bin/sh;
			shellScript = "./Crashlytics.framework/run e2c34125953b33a5ab021b095a449f744b70187a 198423652fc6f636c39ef32044406802926e84f0b6755fcdff1879505a597eeb";
		};
		03E14FC8199F2997000F3ECE /* Crashlytics */ = {
			isa = PBXShellScriptBuildPhase;
			buildActionMask = 2147483647;
			files = (
			);
			inputPaths = (
			);
			name = Crashlytics;
			outputPaths = (
			);
			runOnlyForDeploymentPostprocessing = 0;
			shellPath = /bin/sh;
			shellScript = "./Crashlytics.framework/run e2c34125953b33a5ab021b095a449f744b70187a 198423652fc6f636c39ef32044406802926e84f0b6755fcdff1879505a597eeb";
		};
		7388DDECA6A5475D9BC651F6 /* Copy Pods Resources */ = {
			isa = PBXShellScriptBuildPhase;
			buildActionMask = 2147483647;
			files = (
			);
			inputPaths = (
			);
			name = "Copy Pods Resources";
			outputPaths = (
			);
			runOnlyForDeploymentPostprocessing = 0;
			shellPath = /bin/sh;
			shellScript = "\"${SRCROOT}/Pods/Pods-Photos+-resources.sh\"\n";
			showEnvVarsInLog = 0;
		};
		921F114AA80D4C66AD64A978 /* Check Pods Manifest.lock */ = {
			isa = PBXShellScriptBuildPhase;
			buildActionMask = 2147483647;
			files = (
			);
			inputPaths = (
			);
			name = "Check Pods Manifest.lock";
			outputPaths = (
			);
			runOnlyForDeploymentPostprocessing = 0;
			shellPath = /bin/sh;
			shellScript = "diff \"${PODS_ROOT}/../Podfile.lock\" \"${PODS_ROOT}/Manifest.lock\" > /dev/null\nif [[ $? != 0 ]] ; then\n    cat << EOM\nerror: The sandbox is not in sync with the Podfile.lock. Run 'pod install' or update your CocoaPods installation.\nEOM\n    exit 1\nfi\n";
			showEnvVarsInLog = 0;
		};
/* End PBXShellScriptBuildPhase section */

/* Begin PBXSourcesBuildPhase section */
		03A3A2251999E9370055EF9E /* Sources */ = {
			isa = PBXSourcesBuildPhase;
			buildActionMask = 2147483647;
			files = (
				036E38F9199C893200448BAA /* PhotosLibrary.m in Sources */,
				0358E68919C4209B0097E5B6 /* InfoTableViewCell.m in Sources */,
				0358E68119C41F8A0097E5B6 /* OpenInActivity.m in Sources */,
				0358E69B19C6870D0097E5B6 /* NSString+Additionals.m in Sources */,
				03A3A2731999EF550055EF9E /* PhotoCell.m in Sources */,
				03A3A23D1999E9370055EF9E /* AppDelegate.m in Sources */,
				03BFE5D919AB442B00E4FCA5 /* PhotosPlusNavigationControllerDelegate.m in Sources */,
				0358E66419C3DDC50097E5B6 /* UIImage+Additionals.m in Sources */,
				03BFE5E319AB450400E4FCA5 /* PhotoZoomableCell.m in Sources */,
				0358E67019C3E05B0097E5B6 /* UIViewController+Additionals.m in Sources */,
				0358E6A519C68FF10097E5B6 /* DateInfoView.m in Sources */,
				0358E66819C3DDE30097E5B6 /* UIWindow+Additionals.m in Sources */,
				03E14FCF199F2DD4000F3ECE /* AppDelegate+Services.m in Sources */,
				03A3A2631999E9DD0055EF9E /* PhotosViewController.m in Sources */,
				03A3A2701999EF470055EF9E /* PhotoCellView.m in Sources */,
				03BFE5DB19AB442B00E4FCA5 /* ShowFullScreenPhotosAnimatedTransitioning.m in Sources */,
				03A3A2771999F5C20055EF9E /* PhotoAsset.m in Sources */,
				03A3A284199A3D300055EF9E /* FacesViewController.m in Sources */,
				0358E68D19C467CC0097E5B6 /* DelightfulCache.m in Sources */,
				03A3A27E199A2FC60055EF9E /* UIDevice+Additionals.m in Sources */,
				0358E67419C3E06B0097E5B6 /* UIView+Additionals.m in Sources */,
				03A3A27A199A27F40055EF9E /* ScreenshotsViewController.m in Sources */,
				0358E67819C3E0930097E5B6 /* PhotoInfoViewController.m in Sources */,
				03A3A281199A369B0055EF9E /* SelfiesViewController.m in Sources */,
				0358E68519C41FC30097E5B6 /* LocationManager.m in Sources */,
				0358E67C19C3E2E90097E5B6 /* PhotosHorizontalViewController.m in Sources */,
				03A3A2391999E9370055EF9E /* main.m in Sources */,
				0358E69719C686B30097E5B6 /* UIFont+Additionals.m in Sources */,
			);
			runOnlyForDeploymentPostprocessing = 0;
		};
		03A3A2461999E9370055EF9E /* Sources */ = {
			isa = PBXSourcesBuildPhase;
			buildActionMask = 2147483647;
			files = (
				03A3A2581999E9370055EF9E /* Photos_Tests.m in Sources */,
			);
			runOnlyForDeploymentPostprocessing = 0;
		};
		03BFE5B419AB3CA400E4FCA5 /* Sources */ = {
			isa = PBXSourcesBuildPhase;
			buildActionMask = 2147483647;
			files = (
				03BFE5B519AB3CA400E4FCA5 /* PhotosLibrary.m in Sources */,
				0358E68A19C4209B0097E5B6 /* InfoTableViewCell.m in Sources */,
				0358E68219C41F8A0097E5B6 /* OpenInActivity.m in Sources */,
				0358E69C19C6870D0097E5B6 /* NSString+Additionals.m in Sources */,
				03BFE5B619AB3CA400E4FCA5 /* PhotoCell.m in Sources */,
				03BFE5B719AB3CA400E4FCA5 /* AppDelegate.m in Sources */,
				03BFE5DA19AB442B00E4FCA5 /* PhotosPlusNavigationControllerDelegate.m in Sources */,
				0358E66519C3DDC50097E5B6 /* UIImage+Additionals.m in Sources */,
				03BFE5E419AB450400E4FCA5 /* PhotoZoomableCell.m in Sources */,
				0358E67119C3E05B0097E5B6 /* UIViewController+Additionals.m in Sources */,
				0358E6A619C68FF10097E5B6 /* DateInfoView.m in Sources */,
				0358E66919C3DDE30097E5B6 /* UIWindow+Additionals.m in Sources */,
				03BFE5B819AB3CA400E4FCA5 /* AppDelegate+Services.m in Sources */,
				03BFE5BA19AB3CA400E4FCA5 /* PhotosViewController.m in Sources */,
				03BFE5BB19AB3CA400E4FCA5 /* PhotoCellView.m in Sources */,
				03BFE5DC19AB442B00E4FCA5 /* ShowFullScreenPhotosAnimatedTransitioning.m in Sources */,
				03BFE5BC19AB3CA400E4FCA5 /* PhotoAsset.m in Sources */,
				03BFE5BD19AB3CA400E4FCA5 /* FacesViewController.m in Sources */,
				0358E68E19C467CC0097E5B6 /* DelightfulCache.m in Sources */,
				03BFE5BE19AB3CA400E4FCA5 /* UIDevice+Additionals.m in Sources */,
				0358E67519C3E06B0097E5B6 /* UIView+Additionals.m in Sources */,
				03BFE5BF19AB3CA400E4FCA5 /* ScreenshotsViewController.m in Sources */,
				0358E67919C3E0930097E5B6 /* PhotoInfoViewController.m in Sources */,
				03BFE5C019AB3CA400E4FCA5 /* SelfiesViewController.m in Sources */,
				0358E68619C41FC30097E5B6 /* LocationManager.m in Sources */,
				0358E67D19C3E2E90097E5B6 /* PhotosHorizontalViewController.m in Sources */,
				03BFE5C119AB3CA400E4FCA5 /* main.m in Sources */,
				0358E69819C686B30097E5B6 /* UIFont+Additionals.m in Sources */,
			);
			runOnlyForDeploymentPostprocessing = 0;
		};
/* End PBXSourcesBuildPhase section */

/* Begin PBXTargetDependency section */
		03A3A2501999E9370055EF9E /* PBXTargetDependency */ = {
			isa = PBXTargetDependency;
			target = 03A3A2281999E9370055EF9E /* Photos+ */;
			targetProxy = 03A3A24F1999E9370055EF9E /* PBXContainerItemProxy */;
		};
/* End PBXTargetDependency section */

/* Begin PBXVariantGroup section */
		03A3A2351999E9370055EF9E /* InfoPlist.strings */ = {
			isa = PBXVariantGroup;
			children = (
				03A3A2361999E9370055EF9E /* en */,
			);
			name = InfoPlist.strings;
			sourceTree = "<group>";
		};
		03A3A23E1999E9370055EF9E /* Main.storyboard */ = {
			isa = PBXVariantGroup;
			children = (
				03A3A23F1999E9370055EF9E /* Base */,
			);
			name = Main.storyboard;
			sourceTree = "<group>";
		};
		03A3A2541999E9370055EF9E /* InfoPlist.strings */ = {
			isa = PBXVariantGroup;
			children = (
				03A3A2551999E9370055EF9E /* en */,
			);
			name = InfoPlist.strings;
			sourceTree = "<group>";
		};
/* End PBXVariantGroup section */

/* Begin XCBuildConfiguration section */
		03A3A2591999E9370055EF9E /* Debug */ = {
			isa = XCBuildConfiguration;
			buildSettings = {
				ALWAYS_SEARCH_USER_PATHS = NO;
				CLANG_CXX_LANGUAGE_STANDARD = "gnu++0x";
				CLANG_CXX_LIBRARY = "libc++";
				CLANG_ENABLE_MODULES = YES;
				CLANG_ENABLE_OBJC_ARC = YES;
				CLANG_WARN_BOOL_CONVERSION = YES;
				CLANG_WARN_CONSTANT_CONVERSION = YES;
				CLANG_WARN_DIRECT_OBJC_ISA_USAGE = YES_ERROR;
				CLANG_WARN_EMPTY_BODY = YES;
				CLANG_WARN_ENUM_CONVERSION = YES;
				CLANG_WARN_INT_CONVERSION = YES;
				CLANG_WARN_OBJC_ROOT_CLASS = YES_ERROR;
				CLANG_WARN__DUPLICATE_METHOD_MATCH = YES;
				"CODE_SIGN_IDENTITY[sdk=iphoneos*]" = "iPhone Developer";
				COPY_PHASE_STRIP = NO;
				GCC_C_LANGUAGE_STANDARD = gnu99;
				GCC_DYNAMIC_NO_PIC = NO;
				GCC_OPTIMIZATION_LEVEL = 0;
				GCC_PREPROCESSOR_DEFINITIONS = (
					"DEBUG=1",
					"$(inherited)",
				);
				GCC_SYMBOLS_PRIVATE_EXTERN = NO;
				GCC_WARN_64_TO_32_BIT_CONVERSION = YES;
				GCC_WARN_ABOUT_RETURN_TYPE = YES_ERROR;
				GCC_WARN_UNDECLARED_SELECTOR = YES;
				GCC_WARN_UNINITIALIZED_AUTOS = YES_AGGRESSIVE;
				GCC_WARN_UNUSED_FUNCTION = YES;
				GCC_WARN_UNUSED_VARIABLE = YES;
				IPHONEOS_DEPLOYMENT_TARGET = 7.1;
				ONLY_ACTIVE_ARCH = YES;
				SDKROOT = iphoneos;
			};
			name = Debug;
		};
		03A3A25A1999E9370055EF9E /* Release */ = {
			isa = XCBuildConfiguration;
			buildSettings = {
				ALWAYS_SEARCH_USER_PATHS = NO;
				CLANG_CXX_LANGUAGE_STANDARD = "gnu++0x";
				CLANG_CXX_LIBRARY = "libc++";
				CLANG_ENABLE_MODULES = YES;
				CLANG_ENABLE_OBJC_ARC = YES;
				CLANG_WARN_BOOL_CONVERSION = YES;
				CLANG_WARN_CONSTANT_CONVERSION = YES;
				CLANG_WARN_DIRECT_OBJC_ISA_USAGE = YES_ERROR;
				CLANG_WARN_EMPTY_BODY = YES;
				CLANG_WARN_ENUM_CONVERSION = YES;
				CLANG_WARN_INT_CONVERSION = YES;
				CLANG_WARN_OBJC_ROOT_CLASS = YES_ERROR;
				CLANG_WARN__DUPLICATE_METHOD_MATCH = YES;
				"CODE_SIGN_IDENTITY[sdk=iphoneos*]" = "iPhone Developer";
				COPY_PHASE_STRIP = YES;
				ENABLE_NS_ASSERTIONS = NO;
				GCC_C_LANGUAGE_STANDARD = gnu99;
				GCC_WARN_64_TO_32_BIT_CONVERSION = YES;
				GCC_WARN_ABOUT_RETURN_TYPE = YES_ERROR;
				GCC_WARN_UNDECLARED_SELECTOR = YES;
				GCC_WARN_UNINITIALIZED_AUTOS = YES_AGGRESSIVE;
				GCC_WARN_UNUSED_FUNCTION = YES;
				GCC_WARN_UNUSED_VARIABLE = YES;
				IPHONEOS_DEPLOYMENT_TARGET = 7.1;
				SDKROOT = iphoneos;
				VALIDATE_PRODUCT = YES;
			};
			name = Release;
		};
		03A3A25C1999E9370055EF9E /* Debug */ = {
			isa = XCBuildConfiguration;
			baseConfigurationReference = 5510DB384C6D442EA4839A64 /* Pods-Photos+.xcconfig */;
			buildSettings = {
				ASSETCATALOG_COMPILER_APPICON_NAME = AppIcon;
				ASSETCATALOG_COMPILER_LAUNCHIMAGE_NAME = LaunchImage;
				CODE_SIGN_IDENTITY = "iPhone Developer";
				FRAMEWORK_SEARCH_PATHS = (
					"$(inherited)",
					"$(PROJECT_DIR)",
				);
				GCC_PRECOMPILE_PREFIX_HEADER = YES;
				GCC_PREFIX_HEADER = "Photos+/Photos+-Prefix.pch";
				INFOPLIST_FILE = "Photos+/Photos+-Info.plist";
				PRODUCT_NAME = "$(TARGET_NAME)";
				PROVISIONING_PROFILE = "f3265ebe-25df-48cc-a319-2a4be09ea34b";
				WRAPPER_EXTENSION = app;
			};
			name = Debug;
		};
		03A3A25D1999E9370055EF9E /* Release */ = {
			isa = XCBuildConfiguration;
			baseConfigurationReference = 5510DB384C6D442EA4839A64 /* Pods-Photos+.xcconfig */;
			buildSettings = {
				ASSETCATALOG_COMPILER_APPICON_NAME = AppIcon;
				ASSETCATALOG_COMPILER_LAUNCHIMAGE_NAME = LaunchImage;
				CODE_SIGN_IDENTITY = "iPhone Developer";
				FRAMEWORK_SEARCH_PATHS = (
					"$(inherited)",
					"$(PROJECT_DIR)",
				);
				GCC_PRECOMPILE_PREFIX_HEADER = YES;
				GCC_PREFIX_HEADER = "Photos+/Photos+-Prefix.pch";
				INFOPLIST_FILE = "Photos+/Photos+-Info.plist";
				PRODUCT_NAME = "$(TARGET_NAME)";
				PROVISIONING_PROFILE = "f3265ebe-25df-48cc-a319-2a4be09ea34b";
				WRAPPER_EXTENSION = app;
			};
			name = Release;
		};
		03A3A25F1999E9370055EF9E /* Debug */ = {
			isa = XCBuildConfiguration;
			buildSettings = {
				BUNDLE_LOADER = "$(BUILT_PRODUCTS_DIR)/Photos+.app/Photos+";
				FRAMEWORK_SEARCH_PATHS = (
					"$(SDKROOT)/Developer/Library/Frameworks",
					"$(inherited)",
					"$(DEVELOPER_FRAMEWORKS_DIR)",
				);
				GCC_PRECOMPILE_PREFIX_HEADER = YES;
				GCC_PREFIX_HEADER = "Photos+/Photos+-Prefix.pch";
				GCC_PREPROCESSOR_DEFINITIONS = (
					"DEBUG=1",
					"$(inherited)",
				);
				INFOPLIST_FILE = "Photos+Tests/Photos+Tests-Info.plist";
				PRODUCT_NAME = "$(TARGET_NAME)";
				TEST_HOST = "$(BUNDLE_LOADER)";
				WRAPPER_EXTENSION = xctest;
			};
			name = Debug;
		};
		03A3A2601999E9370055EF9E /* Release */ = {
			isa = XCBuildConfiguration;
			buildSettings = {
				BUNDLE_LOADER = "$(BUILT_PRODUCTS_DIR)/Photos+.app/Photos+";
				FRAMEWORK_SEARCH_PATHS = (
					"$(SDKROOT)/Developer/Library/Frameworks",
					"$(inherited)",
					"$(DEVELOPER_FRAMEWORKS_DIR)",
				);
				GCC_PRECOMPILE_PREFIX_HEADER = YES;
				GCC_PREFIX_HEADER = "Photos+/Photos+-Prefix.pch";
				INFOPLIST_FILE = "Photos+Tests/Photos+Tests-Info.plist";
				PRODUCT_NAME = "$(TARGET_NAME)";
				TEST_HOST = "$(BUNDLE_LOADER)";
				WRAPPER_EXTENSION = xctest;
			};
			name = Release;
		};
		03BFE5D019AB3CA400E4FCA5 /* Debug */ = {
			isa = XCBuildConfiguration;
			baseConfigurationReference = 5510DB384C6D442EA4839A64 /* Pods-Photos+.xcconfig */;
			buildSettings = {
				ASSETCATALOG_COMPILER_APPICON_NAME = AppIcon;
				ASSETCATALOG_COMPILER_LAUNCHIMAGE_NAME = LaunchImage;
				CODE_SIGN_IDENTITY = "iPhone Developer";
				FRAMEWORK_SEARCH_PATHS = (
					"$(inherited)",
					"$(PROJECT_DIR)",
				);
				GCC_PRECOMPILE_PREFIX_HEADER = YES;
				GCC_PREFIX_HEADER = "Photos+/Photos+-Prefix.pch";
				INFOPLIST_FILE = "$(SRCROOT)/Photos+Beta-Info.plist";
				PRODUCT_NAME = "Photos+Beta";
				PROVISIONING_PROFILE = "f3265ebe-25df-48cc-a319-2a4be09ea34b";
				WRAPPER_EXTENSION = app;
			};
			name = Debug;
		};
		03BFE5D119AB3CA400E4FCA5 /* Release */ = {
			isa = XCBuildConfiguration;
			baseConfigurationReference = 5510DB384C6D442EA4839A64 /* Pods-Photos+.xcconfig */;
			buildSettings = {
				ASSETCATALOG_COMPILER_APPICON_NAME = AppIcon;
				ASSETCATALOG_COMPILER_LAUNCHIMAGE_NAME = LaunchImage;
				CODE_SIGN_IDENTITY = "iPhone Developer";
				FRAMEWORK_SEARCH_PATHS = (
					"$(inherited)",
					"$(PROJECT_DIR)",
				);
				GCC_PRECOMPILE_PREFIX_HEADER = YES;
				GCC_PREFIX_HEADER = "Photos+/Photos+-Prefix.pch";
				INFOPLIST_FILE = "$(SRCROOT)/Photos+Beta-Info.plist";
				PRODUCT_NAME = "Photos+Beta";
				PROVISIONING_PROFILE = "87c6b6a3-f4b8-4d9b-ab73-9f2fd0ba2b74";
				WRAPPER_EXTENSION = app;
			};
			name = Release;
		};
/* End XCBuildConfiguration section */

/* Begin XCConfigurationList section */
		03A3A2241999E9370055EF9E /* Build configuration list for PBXProject "Photos+" */ = {
			isa = XCConfigurationList;
			buildConfigurations = (
				03A3A2591999E9370055EF9E /* Debug */,
				03A3A25A1999E9370055EF9E /* Release */,
			);
			defaultConfigurationIsVisible = 0;
			defaultConfigurationName = Release;
		};
		03A3A25B1999E9370055EF9E /* Build configuration list for PBXNativeTarget "Photos+" */ = {
			isa = XCConfigurationList;
			buildConfigurations = (
				03A3A25C1999E9370055EF9E /* Debug */,
				03A3A25D1999E9370055EF9E /* Release */,
			);
			defaultConfigurationIsVisible = 0;
			defaultConfigurationName = Release;
		};
		03A3A25E1999E9370055EF9E /* Build configuration list for PBXNativeTarget "Photos+Tests" */ = {
			isa = XCConfigurationList;
			buildConfigurations = (
				03A3A25F1999E9370055EF9E /* Debug */,
				03A3A2601999E9370055EF9E /* Release */,
			);
			defaultConfigurationIsVisible = 0;
			defaultConfigurationName = Release;
		};
		03BFE5CF19AB3CA400E4FCA5 /* Build configuration list for PBXNativeTarget "Photos+Beta" */ = {
			isa = XCConfigurationList;
			buildConfigurations = (
				03BFE5D019AB3CA400E4FCA5 /* Debug */,
				03BFE5D119AB3CA400E4FCA5 /* Release */,
			);
			defaultConfigurationIsVisible = 0;
			defaultConfigurationName = Release;
		};
/* End XCConfigurationList section */
	};
	rootObject = 03A3A2211999E9370055EF9E /* Project object */;
}
